# This file is automatically @generated by Poetry 2.1.3 and should not be changed by hand.

[[package]]
name = "aiosqlite"
version = "0.22.1"
description = "asyncio bridge to the standard sqlite3 module"
optional = false
python-versions = ">=3.9"
groups = ["main"]
files = [
    {file = "aiosqlite-0.22.1-py3-none-any.whl", hash = "sha256:21c002eb13823fad740196c5a2e9d8e62f6243bd9e7e4a1f87fb5e44ecb4fceb"},
    {file = "aiosqlite-0.22.1.tar.gz", hash = "sha256:043e0bd78d32888c0a9ca90fc788b38796843360c855a7262a532813133a0650"},
]

[package.extras]
dev = ["attribution (==1.8.0)", "black (==25.11.0)", "build (>=1.2)", "coverage[toml] (==7.10.7)", "flake8 (==7.3.0)", "flake8-bugbear (==24.12.12)", "flit (==3.12.0)", "mypy (==1.19.0)", "ufmt (==2.8.0)", "usort (==1.0.8.post1)"]
docs = ["sphinx (==8.1.3)", "sphinx-mdinclude (==0.6.2)"]

[[package]]
name = "annotated-types"
version = "0.7.0"
description = "Reusable constraint types to use with typing.Annotated"
optional = false
python-versions = ">=3.8"
groups = ["main"]
files = [
    {file = "annotated_types-0.7.0-py3-none-any.whl", hash = "sha256:1f02e8b43a8fbbc3f3e0d4f0f4bfc8131bcb4eebe8849b8e5c773f3a1c582a53"},
    {file = "annotated_types-0.7.0.tar.gz", hash = "sha256:aff07c09a53a08bc8cfccb9c85b05f1aa9a2a6f23728d790723543408344ce89"},
]

[[package]]
name = "colorama"
version = "0.4.6"
description = "Cross-platform colored terminal text."
optional = false
python-versions = "!=3.0.*,!=3.1.*,!=3.2.*,!=3.3.*,!=3.4.*,!=3.5.*,!=3.6.*,>=2.7"
groups = ["main"]
markers = "sys_platform == \"win32\""
files = [
    {file = "colorama-0.4.6-py2.py3-none-any.whl", hash = "sha256:4f1d9991f5acc0ca119f9d443620b77f9d6b33703e51011c16baf57afb285fc6"},
    {file = "colorama-0.4.6.tar.gz", hash = "sha256:08695f5cb7ed6e0531a20572697297273c47b8cae5a63ffc6d6ed5c201be6e44"},
]

[[package]]
name = "greenlet"
version = "3.2.5"
description = "Lightweight in-process concurrent programming"
optional = false
python-versions = ">=3.9"
groups = ["main"]
markers = "platform_machine == \"aarch64\" or platform_machine == \"ppc64le\" or platform_machine == \"x86_64\" or platform_machine == \"amd64\" or platform_machine == \"AMD64\" or platform_machine == \"win32\" or platform_machine == \"WIN32\""
files = [
    {file = "greenlet-3.2.5-cp310-cp310-macosx_11_0_universal2.whl", hash = "sha256:34cc7cf8ab6f4b85298b01e13e881265ee7b3c1daf6bc10a2944abc15d4f87c3"},
    {file = "greenlet-3.2.5-cp310-cp310-manylinux2014_aarch64.manylinux_2_17_aarch64.whl", hash = "sha256:c11fe0cfb0ce33132f0b5d27eeadd1954976a82e5e9b60909ec2c4b884a55382"},
    {file = "greenlet-3.2.5-cp310-cp310-manylinux2014_ppc64le.manylinux_2_17_ppc64le.whl", hash = "sha256:a145f4b1c4ed7a2c94561b7f18b4beec3d3fb6f0580db22f7ed1d544e0620b34"},
    {file = "greenlet-3.2.5-cp310-cp310-manylinux2014_s390x.manylinux_2_17_s390x.whl", hash = "sha256:edbf4ab9a7057ee430a678fe2ef37ea5d69125d6bdc7feb42ed8d871c737e63b"},
    {file = "greenlet-3.2.5-cp310-cp310-manylinux2014_x86_64.manylinux_2_17_x86_64.whl", hash = "sha256:cc1d01bdd67db3e5711e6246e451d7a0f75fae7bbf40adde129296a7f9aa7cc9"},
    {file = "greenlet-3.2.5-cp310-cp310-manylinux_2_24_x86_64.manylinux_2_28_x86_64.whl", hash = "sha256:bd593db7ee1fa8a513a48a404f8cc4126998a48025e3f5cbbc68d51be0a6bf66"},
    {file = "greenlet-3.2.5-cp310-cp310-musllinux_1_1_aarch64.whl", hash = "sha256:ac8db07bced2c39b987bba13a3195f8157b0cfbce54488f86919321444a1cc3c"},
    {file = "greenlet-3.2.5-cp310-cp310-musllinux_1_1_x86_64.whl", hash = "sha256:4544ab2cfd5912e42458b13516429e029f87d8bbcdc8d5506db772941ae12493"},
    {file = "greenlet-3.2.5-cp311-cp311-macosx_11_0_universal2.whl", hash = "sha256:acabf468466d18017e2ae5fbf1a5a88b86b48983e550e1ae1437b69a83d9f4ac"},
    {file = "greenlet-3.2.5-cp311-cp311-manylinux2014_aarch64.manylinux_2_17_aarch64.whl", hash = "sha256:472841de62d60f2cafd60edd4fd4dd7253eb70e6eaf14b8990dcaf177f4af957"},
    {file = "greenlet-3.2.5-cp311-cp311-manylinux2014_ppc64le.manylinux_2_17_ppc64le.whl", hash = "sha256:7d951e7d628a6e8b68af469f0fe4f100ef64c4054abeb9cdafbfaa30a920c950"},
    {file = "greenlet-3.2.5-cp311-cp311-manylinux2014_s390x.manylinux_2_17_s390x.whl", hash = "sha256:87b791dd0e031a574249af717ac36f7031b18c35329561c1e0368201c18caf1f"},
    {file = "greenlet-3.2.5-cp311-cp311-manylinux2014_x86_64.manylinux_2_17_x86_64.whl", hash = "sha256:c8317d732e2ae0935d9ed2af2ea876fa714cf6f3b887a31ca150b54329b0a6e9"},
    {file = "greenlet-3.2.5-cp311-cp311-manylinux_2_24_x86_64.manylinux_2_28_x86_64.whl", hash = "sha256:ce8aed6fdd5e07d3cbb988cbdc188266a4eb9e1a52db9ef5c6526e59962d3933"},
    {file = "greenlet-3.2.5-cp311-cp311-musllinux_1_1_aarch64.whl", hash = "sha256:60c06b502d56d5451f60ca665691da29f79ed95e247bcf8ce5024d7bbe64acb9"},
    {file = "greenlet-3.2.5-cp311-cp311-musllinux_1_1_x86_64.whl", hash = "sha256:0d2a78e6f1bf3f1672df91e212a2f8314e1e7c922f065d14cbad4bc815059467"},
    {file = "greenlet-3.2.5-cp312-cp312-macosx_11_0_universal2.whl", hash = "sha256:2acb30e77042f747ca81f0a10cc153296567e92e666c5e1b117f4595afd43352"},
    {file = "greenlet-3.2.5-cp312-cp312-manylinux2014_aarch64.manylinux_2_17_aarch64.whl", hash = "sha256:393c03c26c865f17f31d8db2f09603fadbe0581ad85a5d5908b131549fc38217"},
    {file = "greenlet-3.2.5-cp312-cp312-manylinux2014_ppc64le.manylinux_2_17_ppc64le.whl", hash = "sha256:04e6a202cde56043fd355fefd1552c4caa5c087528121871d950eb4f1b51fa99"},
    {file = "greenlet-3.2.5-cp312-cp312-manylinux2014_s390x.manylinux_2_17_s390x.whl", hash = "sha256:d5583b2ffa677578a384337ee13125bdf9a427485d689014b39d638a4f3d8dbe"},
    {file = "greenlet-3.2.5-cp312-cp312-manylinux2014_x86_64.manylinux_2_17_x86_64.whl", hash = "sha256:45fcea7b697b91290b36eafc12fff479aca6ba6500d98ef6f34d5634c7119cbe"},
    {file = "greenlet-3.2.5-cp312-cp312-manylinux_2_24_x86_64.manylinux_2_28_x86_64.whl", hash = "sha256:f96e2bb8a56b7e1aed1dbfbbe0050cb2ecca99c7c91892fd1771e3afab63b3e3"},
    {file = "greenlet-3.2.5-cp312-cp312-musllinux_1_1_aarch64.whl", hash = "sha256:d7456e67b0be653dfe643bb37d9566cd30939c80f858e2ce6d2d54951f75b14a"},
    {file = "greenlet-3.2.5-cp312-cp312-musllinux_1_1_x86_64.whl", hash = "sha256:5ceb29d1f74c7280befbbfa27b9bf91ba4a07a1a00b2179a5d953fc219b16c42"},
    {file = "greenlet-3.2.5-cp313-cp313-macosx_11_0_universal2.whl", hash = "sha256:f2cc88b50b9006b324c1b9f5f3552f9d4564c78af57cdfb4c7baf4f0aa089146"},
    {file = "greenlet-3.2.5-cp313-cp313-manylinux2014_aarch64.manylinux_2_17_aarch64.whl", hash = "sha256:e66872daffa360b2537170b73ad530f14fa31785b1bc78080125d92edf0a6def"},
    {file = "greenlet-3.2.5-cp313-cp313-manylinux2014_ppc64le.manylinux_2_17_ppc64le.whl", hash = "sha256:c5445ddb7b586d870dad32ca9fc47c287d6022a528d194efdb8912093c5303ad"},
    {file = "greenlet-3.2.5-cp313-cp313-manylinux2014_s390x.manylinux_2_17_s390x.whl", hash = "sha256:fd904626b8779810062cb455514594776e3cba3b8c0ba4939894df9f7b384971"},
    {file = "greenlet-3.2.5-cp313-cp313-manylinux2014_x86_64.manylinux_2_17_x86_64.whl", hash = "sha256:752c896a8c976548faafe8a306d446c6a4c68d4fd24699b84d4393bd9ac69a8e"},
    {file = "greenlet-3.2.5-cp313-cp313-manylinux_2_24_x86_64.manylinux_2_28_x86_64.whl", hash = "sha256:499b809e7738c8af0ff9ac9d5dd821cb93f4293065a9237543217f0b252f950a"},
    {file = "greenlet-3.2.5-cp313-cp313-musllinux_1_1_aarch64.whl", hash = "sha256:2c7429f6e9cea7cbf2637d86d3db12806ba970f7f972fcab39d6b54b4457cbaf"},
    {file = "greenlet-3.2.5-cp313-cp313-musllinux_1_1_x86_64.whl", hash = "sha256:a5e4b25e855800fba17713020c5c33e0a4b7a1829027719344f0c7c8870092a2"},
    {file = "greenlet-3.2.5-cp314-cp314-macosx_11_0_universal2.whl", hash = "sha256:7123b29e6bad2f3f89681be4ef316480fca798ebe8d22fbaced9cc3775007a4f"},
    {file = "greenlet-3.2.5-cp314-cp314-manylinux2014_aarch64.manylinux_2_17_aarch64.whl", hash = "sha256:6e8fe0c72603201a86b2e038daf9b6c8570715f8779566419cff543b6ace88de"},
    {file = "greenlet-3.2.5-cp314-cp314-manylinux2014_ppc64le.manylinux_2_17_ppc64le.whl", hash = "sha256:050703a60603db0e817364d69e048c70af299040c13a7e67792b9e62d4571196"},
    {file = "greenlet-3.2.5-cp314-cp314-manylinux2014_s390x.manylinux_2_17_s390x.whl", hash = "sha256:04633da773ae432649a3f092a8e4add390732cc9e1ab52c8ff2c91b8dc86f202"},
    {file = "greenlet-3.2.5-cp314-cp314-manylinux2014_x86_64.manylinux_2_17_x86_64.whl", hash = "sha256:6712bfd520530eb67331813f7112d3ee18e206f48b3d026d8a96cd2d2ad20251"},
    {file = "greenlet-3.2.5-cp314-cp314-manylinux_2_24_x86_64.manylinux_2_28_x86_64.whl", hash = "sha256:0bc06a78fa3ffbe2a75f1ebc7e040eacf6fa1050a9432953ab111fbbbf0d03c1"},
    {file = "greenlet-3.2.5-cp39-cp39-macosx_11_0_universal2.whl", hash = "sha256:dbe0e81e24982bb45907ca20152b31c2e3300ca352fdc4acbd4956e4a2cbc195"},
    {file = "greenlet-3.2.5-cp39-cp39-manylinux2014_aarch64.manylinux_2_17_aarch64.whl", hash = "sha256:15871afc0d78ec87d15d8412b337f287fc69f8f669346e391585824970931c48"},
    {file = "greenlet-3.2.5-cp39-cp39-manylinux2014_ppc64le.manylinux_2_17_ppc64le.whl", hash = "sha256:5bf0d7d62e356ef2e87e55e46a4e930ac165f9372760fb983b5631bb479e9d3a"},
    {file = "greenlet-3.2.5-cp39-cp39-manylinux2014_s390x.manylinux_2_17_s390x.whl", hash = "sha256:e3f03ddd7142c758ab41c18089a1407b9959bd276b4e6dfbd8fd06403832c87a"},
    {file = "greenlet-3.2.5-cp39-cp39-manylinux2014_x86_64.manylinux_2_17_x86_64.whl", hash = "sha256:6dff6433742073e5b6ad40953a78a0e8cddcb3f6869e5ea635d29a810ca5e7d0"},
    {file = "greenlet-3.2.5-cp39-cp39-manylinux_2_24_x86_64.manylinux_2_28_x86_64.whl", hash = "sha256:bdd67619cefe1cc9fcab57c8853d2bb36eca9f166c0058cc0d428d471f7c785c"},
    {file = "greenlet-3.2.5-cp39-cp39-musllinux_1_1_aarch64.whl", hash = "sha256:3828b309dfb1f117fe54867512a8265d8d4f00f8de6908eef9b885f4d8789062"},
    {file = "greenlet-3.2.5-cp39-cp39-musllinux_1_1_x86_64.whl", hash = "sha256:67725ae9fea62c95cf1aa230f1b8d4dc38f7cd14f6103d1df8a5a95657eb8e54"},
    {file = "greenlet-3.2.5.tar.gz", hash = "sha256:c816554eb33e7ecf9ba4defcb1fd8c994e59be6b4110da15480b3e7447ea4286"},
]

[package.extras]
docs = ["Sphinx", "furo"]
test = ["objgraph", "psutil", "setuptools"]

[[package]]
name = "loguru"
version = "0.7.2"
description = "Python logging made (stupidly) simple"
optional = false
python-versions = ">=3.5"
groups = ["main"]
files = [
    {file = "loguru-0.7.2-py3-none-any.whl", hash = "sha256:003d71e3d3ed35f0f8984898359d65b79e5b21943f78af86aa5491210429b8eb"},
    {file = "loguru-0.7.2.tar.gz", hash = "sha256:e671a53522515f34fd406340ee968cb9ecafbc4b36c679da03c18fd8d0bd51ac"},
]

[package.dependencies]
colorama = {version = ">=0.3.4", markers = "sys_platform == \"win32\""}
win32-setctime = {version = ">=1.0.0", markers = "sys_platform == \"win32\""}

[package.extras]
dev = ["Sphinx (==7.2.5) ; python_version >= \"3.9\"", "colorama (==0.4.5) ; python_version < \"3.8\"", "colorama (==0.4.6) ; python_version >= \"3.8\"", "exceptiongroup (==1.1.3) ; python_version >= \"3.7\" and python_version < \"3.11\"", "freezegun (==1.1.0) ; python_version < \"3.8\"", "freezegun (==1.2.2) ; python_version >= \"3.8\"", "mypy (==v0.910) ; python_version < \"3.6\"", "mypy (==v0.971) ; python_version == \"3.6\"", "mypy (==v1.4.1) ; python_version == \"3.7\"", "mypy (==v1.5.1) ; python_version >= \"3.8\"", "pre-commit (==3.4.0) ; python_version >= \"3.8\"", "pytest (==6.1.2) ; python_version < \"3.8\"", "pytest (==7.4.0) ; python_version >= \"3.8\"", "pytest-cov (==2.12.1) ; python_version < \"3.8\"", "pytest-cov (==4.1.0) ; python_version >= \"3.8\"", "pytest-mypy-plugins (==1.9.3) ; python_version >= \"3.6\" and python_version < \"3.8\"", "pytest-mypy-plugins (==3.0.0) ; python_version >= \"3.8\"", "sphinx-autobuild (==2021.3.14) ; python_version >= \"3.9\"", "sphinx-rtd-theme (==1.3.0) ; python_version >= \"3.9\"", "tox (==3.27.1) ; python_version < \"3.8\"", "tox (==4.11.0) ; python_version >= \"3.8\""]

[[package]]
name = "pydantic"
version = "2.13.4"
description = "Data validation using Python type hints"
optional = false
python-versions = ">=3.9"
groups = ["main"]
files = [
    {file = "pydantic-2.13.4-py3-none-any.whl", hash = "sha256:45a282cde31d808236fd7ea9d919b128653c8b38b393d1c4ab335c62924d9aba"},
    {file = "pydantic-2.13.4.tar.gz", hash = "sha256:c40756b57adaa8b1efeeced5c196f3f3b7c435f90e84ea7f443901bec8099ef6"},
]

[package.dependencies]
annotated-types = ">=0.6.0"
pydantic-core = "2.46.4"
typing-extensions = ">=4.14.1"
typing-inspection = ">=0.4.2"

[package.extras]
email = ["email-validator (>=2.0.0)"]
timezone = ["tzdata ; python_version >= \"3.9\" and platform_system == \"Windows\""]

[[package]]
name = "pydantic-core"
version = "2.46.4"
description = "Core functionality for Pydantic validation and serialization"
optional = false
python-versions = ">=3.9"
groups = ["main"]
files = [
    {file = "pydantic_core-2.46.4-cp310-cp310-macosx_10_12_x86_64.whl", hash = "sha256:a396dcc17e5a0b164dbe026896245a4fa9ff402edca1dff0be3d53a517f74de4"},
    {file = "pydantic_core-2.46.4-cp310-cp310-macosx_11_0_arm64.whl", hash = "sha256:da4b951fe36dc7c3a1ccb4e3cd1747c3542b8c9ceede8fc86cae054e764485f5"},
    {file = "pydantic_core-2.46.4-cp310-cp310-manylinux_2_17_aarch64.manylinux2014_aarch64.whl", hash = "sha256:bb63e0198ca18aad131c089b9204c23079c3afa95487e561f4c522d519e55aba"},
    {file = "pydantic_core-2.46.4-cp310-cp310-manylinux_2_17_armv7l.manylinux2014_armv7l.whl", hash = "sha256:f47286a97f0bc9b8859519809077b91b2cefe4ae47fcbf5e466a009c1c5d742b"},
    {file = "pydantic_core-2.46.4-cp310-cp310-manylinux_2_17_ppc64le.manylinux2014_ppc64le.whl", hash = "sha256:905a0ed8ea6f2d61c1738835f99b699348d7857379083e5fc497fa0c967a407c"},
    {file = "pydantic_core-2.46.4-cp310-cp310-manylinux_2_17_s390x.manylinux2014_s390x.whl", hash = "sha256:ea793e075b70290d89d8142074262885d3f7da19634845135751bd6344f73b50"},
    {file = "pydantic_core-2.46.4-cp310-cp310-manylinux_2_17_x86_64.manylinux2014_x86_64.whl", hash = "sha256:395aebd9183f9d112f569aeb5b2214d1a10a33bec8456447f7fbdfa51d38d4cd"},
    {file = "pydantic_core-2.46.4-cp310-cp310-manylinux_2_31_riscv64.whl", hash = "sha256:b078afbc25f3a1436c7a1d2cd3e322497ee99615ba97c563566fdf46aff1ee01"},
    {file = "pydantic_core-2.46.4-cp310-cp310-manylinux_2_5_i686.manylinux1_i686.whl", hash = "sha256:f747929cf940cddb5b3668a390056ddd5ba2e5010615ea2dcf4f9c4f3ab8791d"},
    {file = "pydantic_core-2.46.4-cp310-cp310-musllinux_1_1_aarch64.whl", hash = "sha256:daa27d92c36f24388fe3ad306b174781c747627f134452e4f128ea00ce1fe8c4"},
    {file = "pydantic_core-2.46.4-cp310-cp310-musllinux_1_1_armv7l.whl", hash = "sha256:19e51f073cd3df251856a8a4189fbdf1de4012c3ebacfb1884f94f1eb406079f"},
    {file = "pydantic_core-2.46.4-cp310-cp310-musllinux_1_1_x86_64.whl", hash = "sha256:c1747f85cee84c26985853c6f3d9bd3e75da5212912443fa111c113b9c246f39"},
    {file = "pydantic_core-2.46.4-cp310-cp310-win32.whl", hash = "sha256:2f84c03c8607173d16b5a854ec68a2f9079ae03237a54fb506d13af47e1d018d"},
    {file = "pydantic_core-2.46.4-cp310-cp310-win_amd64.whl", hash = "sha256:8358a950c8909158e3df31538a7e4edc2d7265a7c54b47f0864d9e5bae9dcebf"},
    {file = "pydantic_core-2.46.4-cp311-cp311-macosx_10_12_x86_64.whl", hash = "sha256:0e96592440881c74a213e5ad528e2b24d3d4f940de2766bed9010ab1d9e51594"},
    {file = "pydantic_core-2.46.4-cp311-cp311-macosx_11_0_arm64.whl", hash = "sha256:e0d65b8c354be7fb5f720c3caa8bc940bc2d20ce749c8e06135f07f8ed95dd7c"},
    {file = "pydantic_core-2.46.4-cp311-cp311-manylinux_2_17_aarch64.manylinux2014_aarch64.whl", hash = "sha256:7bfb192b3f4b9e8a89b6277b6ce787564f62cfd272055f6e685726b111dc7826"},
    {file = "pydantic_core-2.46.4-cp311-cp311-manylinux_2_17_armv7l.manylinux2014_armv7l.whl", hash = "sha256:9037063db01f09b09e237c282b6792bd4da634b5402c4e7f0c61effed7701a04"},
    {file = "pydantic_core-2.46.4-cp311-cp311-manylinux_2_17_ppc64le.manylinux2014_ppc64le.whl", hash = "sha256:fc010ab034c8c7452522748bf937df58020d256ccae0874463d1f4d01758af8e"},
    {file = "pydantic_core-2.46.4-cp311-cp311-manylinux_2_17_s390x.manylinux2014_s390x.whl", hash = "sha256:8c5dac79fa1614d1e06ca695109c6105923bd9c7d1d6c918d4e637b7e6b32fd3"},
    {file = "pydantic_core-2.46.4-cp311-cp311-manylinux_2_17_x86_64.manylinux2014_x86_64.whl", hash = "sha256:f9fa868638bf362d3d138ea55829cefb3d5f4b0d7f142234382a15e2485dbec4"},
    {file = "pydantic_core-2.46.4-cp311-cp311-manylinux_2_31_riscv64.whl", hash = "sha256:17299feefe090f2caa5b8e37222bb5f663e4935a8bfa6931d4102e5df1a9f398"},
    {file = "pydantic_core-2.46.4-cp311-cp311-manylinux_2_5_i686.manylinux1_i686.whl", hash = "sha256:4c63ebc82684aa89d9a3bcbd13d515b3be44250dc68dd3bd81526c1cb31286c3"},
    {file = "pydantic_core-2.46.4-cp311-cp311-musllinux_1_1_aarch64.whl", hash = "sha256:aaa2a54443eff1950ba5ddc6b6ccda0d9c84a364276a62f969bdf2a390650848"},
    {file = "pydantic_core-2.46.4-cp311-cp311-musllinux_1_1_armv7l.whl", hash = "sha256:18e5ceec2ab67e6d5f1a9085e5a24c9c4e2ac4545730bfe668680bca05e555f3"},
    {file = "pydantic_core-2.46.4-cp311-cp311-musllinux_1_1_x86_64.whl", hash = "sha256:a0f62d0a58f4e7da165457e995725421e0064f2255d8eccebc49f41bbc23b109"},
    {file = "pydantic_core-2.46.4-cp311-cp311-win32.whl", hash = "sha256:041bde0a48fd37cf71cab1c9d56d3e8625a3793fef1f7dd232b3ff37e978ecda"},
    {file = "pydantic_core-2.46.4-cp311-cp311-win_amd64.whl", hash = "sha256:6f2eeda33a839975441c86a4119e1383c50b47faf0cbb5176985565c6bb02c33"},
    {file = "pydantic_core-2.46.4-cp311-cp311-win_arm64.whl", hash = "sha256:14f4c5d6db102bd796a627bbb3a17b4cf4574b9ae861d8b7c9a9661c6dd3362d"},
    {file = "pydantic_core-2.46.4-cp312-cp312-macosx_10_12_x86_64.whl", hash = "sha256:3245406455a5d98187ec35530fd772b1d799b26667980872c8d4614991e2c4a2"},
    {file = "pydantic_core-2.46.4-cp312-cp312-macosx_11_0_arm64.whl", hash = "sha256:962ccbab7b642487b1d8b7df90ef677e03134cf1fd8880bf698649b22a69371f"},
    {file = "pydantic_core-2.46.4-cp312-cp312-manylinux_2_17_aarch64.manylinux2014_aarch64.whl", hash = "sha256:8233f2947cf85404441fd7e0085f53b10c93e0ee78611099b5c7237e36aacbf7"},
    {file = "pydantic_core-2.46.4-cp312-cp312-manylinux_2_17_armv7l.manylinux2014_armv7l.whl", hash = "sha256:3a233125ac121aa3ffba9a2b59edfc4a985a76092dc8279586ab4b71390875e7"},
    {file = "pydantic_core-2.46.4-cp312-cp312-manylinux_2_17_ppc64le.manylinux2014_ppc64le.whl", hash = "sha256:5b712b53160b79a5850310b912a5ef8e57e56947c8ad690c227f5c9d7e561712"},
    {file = "pydantic_core-2.46.4-cp312-cp312-manylinux_2_17_s390x.manylinux2014_s390x.whl", hash = "sha256:9401557acd873c3a7f3eb9383edef8ac4968f9510e340f4808d427e75667e7b4"},
    {file = "pydantic_core-2.46.4-cp312-cp312-manylinux_2_17_x86_64.manylinux2014_x86_64.whl", hash = "sha256:926c9541b14b12b1681dca8a0b75feb510b06c6341b70a8e500c2fdcff837cce"},
    {file = "pydantic_core-2.46.4-cp312-cp312-manylinux_2_31_riscv64.whl", hash = "sha256:56cb4851bcaf3d117eddcef4fe66afd750a50274b0da8e22be256d10e5611987"},
    {file = "pydantic_core-2.46.4-cp312-cp312-manylinux_2_5_i686.manylinux1_i686.whl", hash = "sha256:c68fcd102d71ea85c5b2dfac3f4f8476eff42a9e078fd5faefff6d145063536b"},
    {file = "pydantic_core-2.46.4-cp312-cp312-musllinux_1_1_aarch64.whl", hash = "sha256:b2f69dec1725e79a012d920df1707de5caf7ed5e08f3be4435e25803efc47458"},
    {file = "pydantic_core-2.46.4-cp312-cp312-musllinux_1_1_armv7l.whl", hash = "sha256:8d0820e8192167f80d88d64038e609c31452eeca865b4e1d9950a27a4609b00b"},
    {file = "pydantic_core-2.46.4-cp312-cp312-musllinux_1_1_x86_64.whl", hash = "sha256:fbdb89b3e1c94a30cc5edfce477c6e6a5dc4d8f84665b455c27582f211a1c72c"},
    {file = "pydantic_core-2.46.4-cp312-cp312-win32.whl", hash = "sha256:9aa768456404a8bf48a4406685ac2bec8e72b62c69313734fa3b73cf33b3a894"},
    {file = "pydantic_core-2.46.4-cp312-cp312-win_amd64.whl", hash = "sha256:e9c26f834c65f5752f3f06cb08cb86a913ceb7274d0db6e267808a708b46bc89"},
    {file = "pydantic_core-2.46.4-cp312-cp312-win_arm64.whl", hash = "sha256:4fc73cb559bdb54b1134a706a2802a4cddd27a0633f5abb7e53056268751ac6a"},
    {file = "pydantic_core-2.46.4-cp313-cp313-macosx_10_12_x86_64.whl", hash = "sha256:5d5902252db0d3cedf8d4a1bc68f70eeb430f7e4c7104c8c476753519b423008"},
    {file = "pydantic_core-2.46.4-cp313-cp313-macosx_11_0_arm64.whl", hash = "sha256:c94f0688e7b8d0a67abf40e57a7eaaecd17cc9586706a31b76c031f63df052b4"},
    {file = "pydantic_core-2.46.4-cp313-cp313-manylinux_2_17_aarch64.manylinux2014_aarch64.whl", hash = "sha256:f027324c56cd5406ca49c124b0db10e56c69064fec039acc571c29020cc87c76"},
    {file = "pydantic_core-2.46.4-cp313-cp313-manylinux_2_17_armv7l.manylinux2014_armv7l.whl", hash = "sha256:e739fee756ba1010f8bcccb534252e85a35fe45ae92c295a06059ce58b74ccd3"},
    {file = "pydantic_core-2.46.4-cp313-cp313-manylinux_2_17_ppc64le.manylinux2014_ppc64le.whl", hash = "sha256:9d56801be94b86a9da183e5f3766e6310752b99ff647e38b09a9500d88e46e76"},
    {file = "pydantic_core-2.46.4-cp313-cp313-manylinux_2_17_s390x.manylinux2014_s390x.whl", hash = "sha256:2412e734dcb48da14d4e4006b82b46b74f2518b8a26ee7e58c6844a6cd6d03c4"},
    {file = "pydantic_core-2.46.4-cp313-cp313-manylinux_2_17_x86_64.manylinux2014_x86_64.whl", hash = "sha256:9551187363ffc0de2a00b2e47c25aeaeb1020b69b668762966df15fc5659dd5a"},
    {file = "pydantic_core-2.46.4-cp313-cp313-manylinux_2_31_riscv64.whl", hash = "sha256:0186750b482eefa11d7f435892b09c5c606193ef3375bcf94aa00ae6bfb66262"},
    {file = "pydantic_core-2.46.4-cp313-cp313-manylinux_2_5_i686.manylinux1_i686.whl", hash = "sha256:5855698a4856556d86e8e6cd8434bc3ac0314ee8e12089ae0e143f64c6256e4e"},
    {file = "pydantic_core-2.46.4-cp313-cp313-musllinux_1_1_aarch64.whl", hash = "sha256:cbaf13819775b7f769bf4a1f066cb6df7a28d4480081a589828ef190226881cd"},
    {file = "pydantic_core-2.46.4-cp313-cp313-musllinux_1_1_armv7l.whl", hash = "sha256:633147d34cf4550417f12e2b1a0383973bdf5cdfde212cb09e9a581cf10820be"},
    {file = "pydantic_core-2.46.4-cp313-cp313-musllinux_1_1_x86_64.whl", hash = "sha256:82cf5301172168103724d49a1444d3378cb20cdee30b116a1bd6031236298a5d"},
    {file = "pydantic_core-2.46.4-cp313-cp313-win32.whl", hash = "sha256:9fa8ae11da9e2b3126c6426f147e0fba88d96d65921799bb30c6abd1cb2c97fb"},
    {file = "pydantic_core-2.46.4-cp313-cp313-win_amd64.whl", hash = "sha256:6b3ace8194b0e5204818c92802dcdca7fc6d88aabbb799d7c795540d9cd6d292"},
    {file = "pydantic_core-2.46.4-cp313-cp313-win_arm64.whl", hash = "sha256:184c081504d17f1c1066e430e117142b2c77d9448a97f7b65c6ac9fd9aee238d"},
    {file = "pydantic_core-2.46.4-cp314-cp314-macosx_10_12_x86_64.whl", hash = "sha256:428e04521a40150c85216fc8b85e8d39fece235a9cf5e383761238c7fa9b96fb"},
    {file = "pydantic_core-2.46.4-cp314-cp314-macosx_11_0_arm64.whl", hash = "sha256:23ace664830ee0bfe014a0c7bc248b1f7f25ed7ad103852c317624a1083af462"},
    {file = "pydantic_core-2.46.4-cp314-cp314-manylinux_2_17_aarch64.manylinux2014_aarch64.whl", hash = "sha256:ce5c1d2a8b27468f433ca974829c44060b8097eedc39933e3c206a90ee49c4a9"},
    {file = "pydantic_core-2.46.4-cp314-cp314-manylinux_2_17_armv7l.manylinux2014_armv7l.whl", hash = "sha256:7283d57845ecf5a163403eb0702dfc220cc4fbdd18919cb5ccea4f95ee1cdab4"},
    {file = "pydantic_core-2.46.4-cp314-cp314-manylinux_2_17_ppc64le.manylinux2014_ppc64le.whl", hash = "sha256:8daafc69c93ee8a0204506a3b6b30f586ef54028f52aeeeb5c4cfc5184fd5914"},
    {file = "pydantic_core-2.46.4-cp314-cp314-manylinux_2_17_s390x.manylinux2014_s390x.whl", hash = "sha256:cd2213145bcc2ba85884d0ac63d222fece9209678f77b9b4d76f054c561adb28"},
    {file = "pydantic_core-2.46.4-cp314-cp314-manylinux_2_17_x86_64.manylinux2014_x86_64.whl", hash = "sha256:7a5f930472650a82629163023e630d160863fce524c616f4e5186e5de9d9a49b"},
    {file = "pydantic_core-2.46.4-cp314-cp314-manylinux_2_31_riscv64.whl", hash = "sha256:c1b3f518abeca3aa13c712fd202306e145abf59a18b094a6bafb2d2bbf59192c"},
    {file = "pydantic_core-2.46.4-cp314-cp314-manylinux_2_5_i686.manylinux1_i686.whl", hash = "sha256:1a7dd0b3ee80d90150e3495a3a13ac34dbcbfd4f012996a6a1d8900e91b5c0fb"},
    {file = "pydantic_core-2.46.4-cp314-cp314-musllinux_1_1_aarch64.whl", hash = "sha256:3fb702cd90b0446a3a1c5e470bfa0dd23c0233b676a9099ddcc964fa6ca13898"},
    {file = "pydantic_core-2.46.4-cp314-cp314-musllinux_1_1_armv7l.whl", hash = "sha256:b8458003118a712e66286df6a707db01c52c0f52f7db8e4a38f0da1d3b94fc4e"},
    {file = "pydantic_core-2.46.4-cp314-cp314-musllinux_1_1_x86_64.whl", hash = "sha256:372429a130e469c9cd698925ce5fc50940b7a1336b0d82038e63d5bbc4edc519"},
    {file = "pydantic_core-2.46.4-cp314-cp314-win32.whl", hash = "sha256:85bb3611ff1802f3ee7fdd7dbff26b56f343fb432d57a4728fdd49b6ef35e2f4"},
    {file = "pydantic_core-2.46.4-cp314-cp314-win_amd64.whl", hash = "sha256:811ff8e9c313ab425368bcbb36e5c4ebd7108c2bbf4e4089cfbb0b01eff63fac"},
    {file = "pydantic_core-2.46.4-cp314-cp314-win_arm64.whl", hash = "sha256:bfec22eab3c8cc2ceec0248aec886624116dc079afa027ecc8ad4a7e62010f8a"},
    {file = "pydantic_core-2.46.4-cp314-cp314t-macosx_10_12_x86_64.whl", hash = "sha256:af8244b2bef6aaad6d92cda81372de7f8c8d36c9f0c3ea36e827c60e7d9467a0"},
    {file = "pydantic_core-2.46.4-cp314-cp314t-macosx_11_0_arm64.whl", hash = "sha256:5a4330cdbc57162e4b3aa303f588ba752257694c9c9be3e7ebb11b4aca659b5d"},
    {file = "pydantic_core-2.46.4-cp314-cp314t-manylinux_2_17_aarch64.manylinux2014_aarch64.whl", hash = "sha256:29c61fc04a3d840155ff08e475a04809278972fe6aef51e2720554e96367e34b"},
    {file = "pydantic_core-2.46.4-cp314-cp314t-manylinux_2_17_armv7l.manylinux2014_armv7l.whl", hash = "sha256:c50f2528cf200c5eed56faf3f4e22fcd5f38c157a8b78576e6ba3168ec35f000"},
    {file = "pydantic_core-2.46.4-cp314-cp314t-manylinux_2_17_ppc64le.manylinux2014_ppc64le.whl", hash = "sha256:0cbe8b01f948de4286c74cdd6c667aceb38f5c1e26f0693b3983d9d74887c65e"},
    {file = "pydantic_core-2.46.4-cp314-cp314t-manylinux_2_17_s390x.manylinux2014_s390x.whl", hash = "sha256:617d7e2ca7dcb8c5cf6bcb8c59b8832c94b36196bbf1cbd1bfb56ed341905edd"},
    {file = "pydantic_core-2.46.4-cp314-cp314t-manylinux_2_17_x86_64.manylinux2014_x86_64.whl", hash = "sha256:7027560ee92211647d0d34e3f7cd6f50da56399d26a9c8ad0da286d3869a53f3"},
    {file = "pydantic_core-2.46.4-cp314-cp314t-manylinux_2_31_riscv64.whl", hash = "sha256:f99626688942fb746e545232e7726926f3be91b5975f8b55327665fafda991c7"},
    {file = "pydantic_core-2.46.4-cp314-cp314t-manylinux_2_5_i686.manylinux1_i686.whl", hash = "sha256:fc3e9034a63de20e15e8ade85358bc6efc614008cab72898b4b4952bea0509ff"},
    {file = "pydantic_core-2.46.4-cp314-cp314t-musllinux_1_1_aarch64.whl", hash = "sha256:97e7cf2be5c77b7d1a9713a05605d49460d02c6078d38d8bef3cbe323c548424"},
    {file = "pydantic_core-2.46.4-cp314-cp314t-musllinux_1_1_armv7l.whl", hash = "sha256:3bf92c5d0e00fefaab325a4d27828fe6b6e2a21848686b5b60d2d9eeb09d76c6"},
    {file = "pydantic_core-2.46.4-cp314-cp314t-musllinux_1_1_x86_64.whl", hash = "sha256:3ecbc122d18468d06ca279dc26a8c2e2d5acb10943bb35e36ae92096dc3b5565"},
    {file = "pydantic_core-2.46.4-cp314-cp314t-win32.whl", hash = "sha256:e846ae7835bf0703ae43f534ab79a867146dadd59dc9ca5c8b53d5c8f7c9ef02"},
    {file = "pydantic_core-2.46.4-cp314-cp314t-win_amd64.whl", hash = "sha256:2108ba5c1c1eca18030634489dc544844144ee36357f2f9f780b93e7ddbb44b5"},
    {file = "pydantic_core-2.46.4-cp314-cp314t-win_arm64.whl", hash = "sha256:4fcbe087dbc2068af7eda3aa87634eba216dbda64d1ae73c8684b621d33f6596"},
    {file = "pydantic_core-2.46.4-cp39-cp39-macosx_10_12_x86_64.whl", hash = "sha256:fd8b3d9fd264be37976686c7f65cd52a83f5e84f4bfd2adf9c1d469676bbb6ae"},
    {file = "pydantic_core-2.46.4-cp39-cp39-macosx_11_0_arm64.whl", hash = "sha256:9f444c499b3eefd3a92e348059471ea0c3a6e303d9c1cec09fa748fd9f895201"},
    {file = "pydantic_core-2.46.4-cp39-cp39-manylinux_2_17_aarch64.manylinux2014_aarch64.whl", hash = "sha256:3447661d99f75a3683a4cf5c87da72f2161964611864dbbeac7fbb118bb4bfc0"},
    {file = "pydantic_core-2.46.4-cp39-cp39-manylinux_2_17_armv7l.manylinux2014_armv7l.whl", hash = "sha256:8b9bab013d1c7a79d3501ff86d0bc9c31bf587db4551677b96bec07df78c6b15"},
    {file = "pydantic_core-2.46.4-cp39-cp39-manylinux_2_17_ppc64le.manylinux2014_ppc64le.whl", hash = "sha256:d995260fdf4e1db774581b4900e0f832abe3c7c84996726bbc161b19c8f29e76"},
    {file = "pydantic_core-2.46.4-cp39-cp39-manylinux_2_17_s390x.manylinux2014_s390x.whl", hash = "sha256:f13a646d65d09fbf1bc6b3a9635d30095c8e7e5cc419ff35ecc563c5fd04cd49"},
    {file = "pydantic_core-2.46.4-cp39-cp39-manylinux_2_17_x86_64.manylinux2014_x86_64.whl", hash = "sha256:432c179df7874eeb73307aad2df0755e1ae0efa61ff0ea89b93e194411ae3928"},
    {file = "pydantic_core-2.46.4-cp39-cp39-manylinux_2_31_riscv64.whl", hash = "sha256:e68b7a074f65a2fd746c52a7ce6142ab7006074ac269ace0c25cd8ba171f8066"},
    {file = "pydantic_core-2.46.4-cp39-cp39-manylinux_2_5_i686.manylinux1_i686.whl", hash = "sha256:4a05d69cba51d852c5c3e92758653245a50c0b646ced0cf05bd793ed592839d6"},
    {file = "pydantic_core-2.46.4-cp39-cp39-musllinux_1_1_aarch64.whl", hash = "sha256:228ee9bae8bef5b1e97ec58302f80357c37199e0d0a99174e138d28e6957b9d9"},
    {file = "pydantic_core-2.46.4-cp39-cp39-musllinux_1_1_armv7l.whl", hash = "sha256:10e17cbb10a330363733efc4d7c4d0dd827ac0909b8f6a6542298fed1ea62f29"},
    {file = "pydantic_core-2.46.4-cp39-cp39-musllinux_1_1_x86_64.whl", hash = "sha256:91a06d2e259ecfbd8c901d70c3c507900458498142b3026a296b7de4d1322cc9"},
    {file = "pydantic_core-2.46.4-cp39-cp39-win32.whl", hash = "sha256:d80ee3d731373b24cebbc10d689ca4ee1875caf0d5703a245db18efd4dd37fc1"},
    {file = "pydantic_core-2.46.4-cp39-cp39-win_amd64.whl", hash = "sha256:3be77f45df024d789a672ae34f8b06fb346c4f9f46ea714956660ea4862e89ac"},
    {file = "pydantic_core-2.46.4-graalpy311-graalpy242_311_native-macosx_10_12_x86_64.whl", hash = "sha256:14d4edf427bdcf950a8a02d7cb44a08614388dd6e1bdcbf4f67504fa7887da9c"},
    {file = "pydantic_core-2.46.4-graalpy311-graalpy242_311_native-macosx_11_0_arm64.whl", hash = "sha256:0ce40cd7b21210e99342afafbd4d0f76d784eb5b1d60f3bdc566be4983c6c73b"},
    {file = "pydantic_core-2.46.4-graalpy311-graalpy242_311_native-manylinux_2_17_aarch64.manylinux2014_aarch64.whl", hash = "sha256:90884113d8b48f760e9587002789ddd741e76ab9f89518cd1e43b1f1a52ec44b"},
    {file = "pydantic_core-2.46.4-graalpy311-graalpy242_311_native-manylinux_2_17_x86_64.manylinux2014_x86_64.whl", hash = "sha256:66ce7632c22d837c95301830e111ad0128a32b8207533b60896a96c4915192ea"},
    {file = "pydantic_core-2.46.4-graalpy312-graalpy250_312_native-macosx_10_12_x86_64.whl", hash = "sha256:1d8ba486450b14f3b1d63bc521d410ec7565e52f887b9fb671791886436a42f7"},
    {file = "pydantic_core-2.46.4-graalpy312-graalpy250_312_native-macosx_11_0_arm64.whl", hash = "sha256:3009f12e4e90b7f88b4f9adb1b0c4a3d58fe7820f3238c190047209d148026df"},
    {file = "pydantic_core-2.46.4-graalpy312-graalpy250_312_native-manylinux_2_17_aarch64.manylinux2014_aarch64.whl", hash = "sha256:ad785e92e6dc634c21555edc8bd6b64957ab844541bcb96a1366c202951ae526"},
    {file = "pydantic_core-2.46.4-graalpy312-graalpy250_312_native-manylinux_2_17_x86_64.manylinux2014_x86_64.whl", hash = "sha256:00c603d540afdd6b80eb39f078f33ebd46211f02f33e34a32d9f053bba711de0"},
    {file = "pydantic_core-2.46.4-pp311-pypy311_pp73-macosx_10_12_x86_64.whl", hash = "sha256:0c563b08bca408dc7f65f700633d8442fffb2421fc47b8101377e9fd65051ff0"},
    {file = "pydantic_core-2.46.4-pp311-pypy311_pp73-macosx_11_0_arm64.whl", hash = "sha256:db06ffe51636ffe9ca531fe9023dd64bdd794be8754cb5df57c5498ae5b518a7"},
    {file = "pydantic_core-2.46.4-pp311-pypy311_pp73-manylinux_2_17_x86_64.manylinux2014_x86_64.whl", hash = "sha256:133878133d271ade3d41d1bfb2a45ec38dbdbda40bc065921c6b04e4630127e2"},
    {file = "pydantic_core-2.46.4-pp311-pypy311_pp73-manylinux_2_5_i686.manylinux1_i686.whl", hash = "sha256:9bc519fbf2b7578398853d815009ae5e4d4603d12f4e3f91da8c06852d3da3e9"},
    {file = "pydantic_core-2.46.4-pp311-pypy311_pp73-musllinux_1_1_aarch64.whl", hash = "sha256:c7a7bd4e39e8e4c12c39cd480356842b6a8a06e41b23a55a5e3e191718838ddf"},
    {file = "pydantic_core-2.46.4-pp311-pypy311_pp73-musllinux_1_1_armv7l.whl", hash = "sha256:d396ec2b979760aaf3218e76c24e65bd0aca24983298653b3a9d7a45f9e47b30"},
    {file = "pydantic_core-2.46.4-pp311-pypy311_pp73-musllinux_1_1_x86_64.whl", hash = "sha256:86e1a4418c6cd97d60c95c71164158eaf7324fae7b0923264016baa993eba6fc"},
    {file = "pydantic_core-2.46.4-pp311-pypy311_pp73-win_amd64.whl", hash = "sha256:d51026d73fcfd93610abc7b27789c26b313920fcfb20e27462d74a7f8b06e983"},
    {file = "pydantic_core-2.46.4.tar.gz", hash = "sha256:62f875393d7f270851f20523dd2e29f082bcc82292d66db2b64ea71f64b6e1c1"},
]

[package.dependencies]
typing-extensions = ">=4.14.1"

[[package]]
name = "pydantic-settings"
version = "2.11.0"
description = "Settings management using Pydantic"
optional = false
python-versions = ">=3.9"
groups = ["main"]
files = [
    {file = "pydantic_settings-2.11.0-py3-none-any.whl", hash = "sha256:fe2cea3413b9530d10f3a5875adffb17ada5c1e1bab0b2885546d7310415207c"},
    {file = "pydantic_settings-2.11.0.tar.gz", hash = "sha256:d0e87a1c7d33593beb7194adb8470fc426e95ba02af83a0f23474a04c9a08180"},
]

[package.dependencies]
pydantic = ">=2.7.0"
python-dotenv = ">=0.21.0"
typing-inspection = ">=0.4.0"

[package.extras]
aws-secrets-manager = ["boto3 (>=1.35.0)", "boto3-stubs[secretsmanager]"]
azure-key-vault = ["azure-identity (>=1.16.0)", "azure-keyvault-secrets (>=4.8.0)"]
gcp-secret-manager = ["google-cloud-secret-manager (>=2.23.1)"]
toml = ["tomli (>=2.0.1)"]
yaml = ["pyyaml (>=6.0.1)"]

[[package]]
name = "python-dotenv"
version = "1.2.1"
description = "Read key-value pairs from a .env file and set them as environment variables"
optional = false
python-versions = ">=3.9"
groups = ["main"]
files = [
    {file = "python_dotenv-1.2.1-py3-none-any.whl", hash = "sha256:b81ee9561e9ca4004139c6cbba3a238c32b03e4894671e181b671e8cb8425d61"},
    {file = "python_dotenv-1.2.1.tar.gz", hash = "sha256:42667e897e16ab0d66954af0e60a9caa94f0fd4ecf3aaf6d2d260eec1aa36ad6"},
]

[package.extras]
cli = ["click (>=5.0)"]

[[package]]
name = "sqlalchemy"
version = "2.0.50"
description = "Database Abstraction Library"
optional = false
python-versions = ">=3.7"
groups = ["main"]
files = [
    {file = "sqlalchemy-2.0.50-cp310-cp310-macosx_11_0_arm64.whl", hash = "sha256:7af6eeb84985bf840ba779018ff9424d61ff69b52e66b8789d3c8da7bf5341b2"},
    {file = "sqlalchemy-2.0.50-cp310-cp310-manylinux2014_aarch64.manylinux_2_17_aarch64.manylinux_2_28_aarch64.whl", hash = "sha256:0fe7822866f3a9fc5f3db21a290ce8961a53050115f05edf9402b6a5feb92a9f"},
    {file = "sqlalchemy-2.0.50-cp310-cp310-manylinux2014_x86_64.manylinux_2_17_x86_64.manylinux_2_28_x86_64.whl", hash = "sha256:e8e1b0f6a4dcd9b4839e2320afb5df37a6981cbc20ff9c423ae11c5537bdbd21"},
    {file = "sqlalchemy-2.0.50-cp310-cp310-musllinux_1_2_aarch64.whl", hash = "sha256:e195687f1af431c9515416288373b323b6eb599f774409814e89e9d603a56e39"},
    {file = "sqlalchemy-2.0.50-cp310-cp310-musllinux_1_2_x86_64.whl", hash = "sha256:ea1a8a2db4b2217d456c8d7a873bfc605f06fe3584d315264ea18c2a17585d0b"},
    {file = "sqlalchemy-2.0.50-cp310-cp310-win32.whl", hash = "sha256:68b154b08088b4ec32bb4d2958bfbb50e57549f91a4cd3e7f928e3553ed69031"},
    {file = "sqlalchemy-2.0.50-cp310-cp310-win_amd64.whl", hash = "sha256:66e374271ecb7101273f57af1a62446a953d327eec4f8089147de57c591bbacc"},
    {file = "sqlalchemy-2.0.50-cp311-cp311-macosx_11_0_arm64.whl", hash = "sha256:1aa6e403663a9c43c8fef7ce4bdb4cf48bcd8d352e91deda2a99f963270bd508"},
    {file = "sqlalchemy-2.0.50-cp311-cp311-manylinux2014_aarch64.manylinux_2_17_aarch64.manylinux_2_28_aarch64.whl", hash = "sha256:51b637a84f9fa35ae1f9017e786cb142974a25305085e1b378b3647a67f65ad3"},
    {file = "sqlalchemy-2.0.50-cp311-cp311-manylinux2014_x86_64.manylinux_2_17_x86_64.manylinux_2_28_x86_64.whl", hash = "sha256:2dab927761d9108550f0cf8e66ff21af56f907a0ce0a689793db615e2b55f62c"},
    {file = "sqlalchemy-2.0.50-cp311-cp311-musllinux_1_2_aarch64.whl", hash = "sha256:545eae198d37bcf837a10ede3684e2af32458d6f35c597c35c2de7502dc38fc4"},
    {file = "sqlalchemy-2.0.50-cp311-cp311-musllinux_1_2_x86_64.whl", hash = "sha256:0fec460e18cdbb4c7773531122ce9a27e96c6ca17af3933941d94da475ad2c86"},
    {file = "sqlalchemy-2.0.50-cp311-cp311-win32.whl", hash = "sha256:e6e814658818fd165e749e3d8490ef16cc7f379a118c37ada8b0589ffbaaac22"},
    {file = "sqlalchemy-2.0.50-cp311-cp311-win_amd64.whl", hash = "sha256:1c5f858fe79c9f5d8fda065c06186356acb7f8df3cd52dbd5ee3f200e4b144f5"},
    {file = "sqlalchemy-2.0.50-cp312-cp312-macosx_11_0_arm64.whl", hash = "sha256:23ae23d8b9d344d30d0a92f06d45825024a5790f1c1dd4cf452636a50d3e58cb"},
    {file = "sqlalchemy-2.0.50-cp312-cp312-manylinux2014_aarch64.manylinux_2_17_aarch64.manylinux_2_28_aarch64.whl", hash = "sha256:47b71b933e7b4ebad407c8fdfd70d2c4f08b78b3238bb30eebdd6eb32ca51b89"},
    {file = "sqlalchemy-2.0.50-cp312-cp312-manylinux2014_x86_64.manylinux_2_17_x86_64.manylinux_2_28_x86_64.whl", hash = "sha256:110fdac56ace278949f00de805edacbd6141e382d992f9ba28238b3a0827a600"},
    {file = "sqlalchemy-2.0.50-cp312-cp312-musllinux_1_2_aarch64.whl", hash = "sha256:0f5e4ac70e9e757f6b3e87c0491ff034442ecd8dfd36d041a50564c322dafc0e"},
    {file = "sqlalchemy-2.0.50-cp312-cp312-musllinux_1_2_x86_64.whl", hash = "sha256:724f3dcbe53dd0151e3cb5e7ec4ba4c620bede579caacd16275dc35ce06e8615"},
    {file = "sqlalchemy-2.0.50-cp312-cp312-win32.whl", hash = "sha256:1208050441471d003b7c8cb4054fb084f185cf35ac3f0ea270803865bca9939a"},
    {file = "sqlalchemy-2.0.50-cp312-cp312-win_amd64.whl", hash = "sha256:9d1af51558029a156a70986b7df88f042b3d158d7c8d8fb5072912d4b32d89c7"},
    {file = "sqlalchemy-2.0.50-cp313-cp313-macosx_11_0_arm64.whl", hash = "sha256:06a9210bdc5f4298cff0781087e2ff45683922252dacc452846373a58761f093"},
    {file = "sqlalchemy-2.0.50-cp313-cp313-manylinux2014_aarch64.manylinux_2_17_aarch64.manylinux_2_28_aarch64.whl", hash = "sha256:8b53784972ade4f8174b9aa661f31a06f8a936d2cfdd602913ff3c6dd40ae873"},
    {file = "sqlalchemy-2.0.50-cp313-cp313-manylinux2014_x86_64.manylinux_2_17_x86_64.manylinux_2_28_x86_64.whl", hash = "sha256:31648fa14460537e768a7303b078e4344d208e0d23e06867c1f376a227ed82db"},
    {file = "sqlalchemy-2.0.50-cp313-cp313-musllinux_1_2_aarch64.whl", hash = "sha256:03f4323c980ad0e918cc9e5369b015f759f4e534db5bbaf4dc36832c10d05064"},
    {file = "sqlalchemy-2.0.50-cp313-cp313-musllinux_1_2_x86_64.whl", hash = "sha256:2b9dcc43afef8ac157cd92fce96985d6b8b0cfbd3df4d666f66b4d55a75d202f"},
    {file = "sqlalchemy-2.0.50-cp313-cp313-win32.whl", hash = "sha256:60922d6599065ddca2c6f376b9aa2f41a6b85a271725e0909490bbc50b1998a5"},
    {file = "sqlalchemy-2.0.50-cp313-cp313-win_amd64.whl", hash = "sha256:287086e67275a212c4582d166a6fb03a65ccc5551d80866270ce0dd9f34eccd3"},
    {file = "sqlalchemy-2.0.50-cp314-cp314-macosx_11_0_arm64.whl", hash = "sha256:c966932507a4d7d0a37314927dbfcd89720e3f37d2a1e3352e7ae7939fa8e8a0"},
    {file = "sqlalchemy-2.0.50-cp314-cp314-manylinux2014_aarch64.manylinux_2_17_aarch64.manylinux_2_28_aarch64.whl", hash = "sha256:faffef4bcc20a1892e65e155293d99d60855bbbc79250ab712819cfd56a8e6bb"},
    {file = "sqlalchemy-2.0.50-cp314-cp314-manylinux2014_x86_64.manylinux_2_17_x86_64.manylinux_2_28_x86_64.whl", hash = "sha256:6c206aec519a2e7bd08abbfb33436e325fd22c632d9c21a9047e376ce241646e"},
    {file = "sqlalchemy-2.0.50-cp314-cp314-musllinux_1_2_aarch64.whl", hash = "sha256:bef4ac756363227ef6402a75fee025a4bc690f92328e825868939b3b3a446a6d"},
    {file = "sqlalchemy-2.0.50-cp314-cp314-musllinux_1_2_x86_64.whl", hash = "sha256:96fbee6b19c19cd1556c8bf9419447cf2ec149ffcab7ab64348c23e54ef8547f"},
    {file = "sqlalchemy-2.0.50-cp314-cp314-win32.whl", hash = "sha256:8f00e3eb43ba30eb1b238ee03a8a62309486d1321eda3328bb611e0340033ad8"},
    {file = "sqlalchemy-2.0.50-cp314-cp314-win_amd64.whl", hash = "sha256:15708c613cd5005b7dffe1f66ee6a63ee8f5e46799f71c70ebad74178c676a39"},
    {file = "sqlalchemy-2.0.50-cp314-cp314t-macosx_11_0_arm64.whl", hash = "sha256:3699dac4be410e97049a1658e9480da9cde956594aa0f3aebc60b88f21c5ba70"},
    {file = "sqlalchemy-2.0.50-cp314-cp314t-manylinux2014_aarch64.manylinux_2_17_aarch64.manylinux_2_28_aarch64.whl", hash = "sha256:f96233858e3df43932ac11589e22520da6e8aeb624b03fedfeebb0e8ea213086"},
    {file = "sqlalchemy-2.0.50-cp314-cp314t-manylinux2014_x86_64.manylinux_2_17_x86_64.manylinux_2_28_x86_64.whl", hash = "sha256:c4e70c46fad30c3bcc6a4708bc0130a3173e11a5b25f0ea4a9d8911b450f1f52"},
    {file = "sqlalchemy-2.0.50-cp314-cp314t-musllinux_1_2_aarch64.whl", hash = "sha256:1918a3cf564d16d95bca7301005f41ab2ad50b07cd3b9da50d3ed986db148d6a"},
    {file = "sqlalchemy-2.0.50-cp314-cp314t-musllinux_1_2_x86_64.whl", hash = "sha256:b00098cdbdbd38c7be3d568b0c9c3122b8c0ec62b911b57cd5e6e0254d60a76d"},
    {file = "sqlalchemy-2.0.50-cp314-cp314t-win32.whl", hash = "sha256:1fbd55a969d7ac44a98e3dec75016074f809fa08f871585ace58dde110d1bf3e"},
    {file = "sqlalchemy-2.0.50-cp314-cp314t-win_amd64.whl", hash = "sha256:c5c3cdb753a9004183e1ccb634b41611654c989e61bc68617ce878e46d6f1e51"},
    {file = "sqlalchemy-2.0.50-cp38-cp38-macosx_11_0_arm64.whl", hash = "sha256:4a8e8af330cbb3a1931d3d6c91b239fc2ef135f7dd471dfa34c575028e0b1fa8"},
    {file = "sqlalchemy-2.0.50-cp38-cp38-manylinux2014_aarch64.manylinux_2_17_aarch64.manylinux_2_28_aarch64.whl", hash = "sha256:eefd9a03cc0047b14153872d228499d048bd7deaf926109c9ec25b15157b8e23"},
    {file = "sqlalchemy-2.0.50-cp38-cp38-manylinux2014_x86_64.manylinux_2_17_x86_64.manylinux_2_28_x86_64.whl", hash = "sha256:13b85b20f9ab714a666df9d8e72e253ec33c16c7e1e375c877e5bf6367a3e917"},
    {file = "sqlalchemy-2.0.50-cp38-cp38-musllinux_1_2_aarch64.whl", hash = "sha256:27b7062af702c61994e8806ad87e42d0a2c879e0a8e5c61c7f69d81dabe24fdf"},
    {file = "sqlalchemy-2.0.50-cp38-cp38-musllinux_1_2_x86_64.whl", hash = "sha256:2c1920cde9d741ba3dda9b1aa5acd8c23ea17780ccfb2252d01878d5d0d628d3"},
    {file = "sqlalchemy-2.0.50-cp38-cp38-win32.whl", hash = "sha256:7b1ddb7b5fc60dfa9df6a487f06a143c77def47c0351849da2bcea59b244a56c"},
    {file = "sqlalchemy-2.0.50-cp38-cp38-win_amd64.whl", hash = "sha256:0e104e196f457ec608eb8af736c5eb4c6bc58f481b546f485a7f9c628ee532be"},
    {file = "sqlalchemy-2.0.50-cp39-cp39-macosx_11_0_arm64.whl", hash = "sha256:409a8121b917116b035bedc5e532ad470c74a2d279f6c302100985b6304e9f9e"},
    {file = "sqlalchemy-2.0.50-cp39-cp39-manylinux2014_aarch64.manylinux_2_17_aarch64.manylinux_2_28_aarch64.whl", hash = "sha256:9602c07b03e1449747ecb69f9998a7194a589124475788b370adce57c9e9a56e"},
    {file = "sqlalchemy-2.0.50-cp39-cp39-manylinux2014_x86_64.manylinux_2_17_x86_64.manylinux_2_28_x86_64.whl", hash = "sha256:3d10700bd519573f6ce5badbabbfe7f5baea84cdf370f2cbbfb4be28dfddbf1d"},
    {file = "sqlalchemy-2.0.50-cp39-cp39-musllinux_1_2_aarch64.whl", hash = "sha256:7e36efdcc5493f8024ec873a4ee3855bfd2de0c5b19eba16f920e9d2a0d28622"},
    {file = "sqlalchemy-2.0.50-cp39-cp39-musllinux_1_2_x86_64.whl", hash = "sha256:adc0fe7d38d8c8058f7421c25508fcbc74df38233a42aa8324409844122dce8f"},
    {file = "sqlalchemy-2.0.50-cp39-cp39-win32.whl", hash = "sha256:0a31c5963d58d3e3d11c5b97709e248305705de1fdf51ec3bf396674c5898b7e"},
    {file = "sqlalchemy-2.0.50-cp39-cp39-win_amd64.whl", hash = "sha256:83a9fce296b7e052316d8c6943237b31b9c00f58ca9c253f2d165df52637a293"},
    {file = "sqlalchemy-2.0.50-py3-none-any.whl", hash = "sha256:92064363517a3ff8212b5a93b8c62876579d8dfd1ca5b561335f30152d884fa9"},
    {file = "sqlalchemy-2.0.50.tar.gz", hash = "sha256:af5607d11ef90fd6a5c0549fe0045dce1663d427426bcfb506dcb5346a85a3b9"},
]

[package.dependencies]
greenlet = {version = ">=1", markers = "platform_machine == \"aarch64\" or platform_machine == \"ppc64le\" or platform_machine == \"x86_64\" or platform_machine == \"amd64\" or platform_machine == \"AMD64\" or platform_machine == \"win32\" or platform_machine == \"WIN32\""}
typing-extensions = ">=4.6.0"

[package.extras]
aiomysql = ["aiomysql (>=0.2.0)", "greenlet (>=1)"]
aioodbc = ["aioodbc", "greenlet (>=1)"]
aiosqlite = ["aiosqlite", "greenlet (>=1)", "typing_extensions (!=3.10.0.1)"]
asyncio = ["greenlet (>=1)"]
asyncmy = ["asyncmy (>=0.2.3,!=0.2.4,!=0.2.6)", "greenlet (>=1)"]
mariadb-connector = ["mariadb (>=1.0.1,!=1.1.2,!=1.1.5,!=1.1.10)"]
mssql = ["pyodbc"]
mssql-pymssql = ["pymssql"]
mssql-pyodbc = ["pyodbc"]
mypy = ["mypy (>=0.910)"]
mysql = ["mysqlclient (>=1.4.0)"]
mysql-connector = ["mysql-connector-python"]
oracle = ["cx_oracle (>=8)"]
oracle-oracledb = ["oracledb (>=1.0.1)"]
postgresql = ["psycopg2 (>=2.7)"]
postgresql-asyncpg = ["asyncpg", "greenlet (>=1)"]
postgresql-pg8000 = ["pg8000 (>=1.29.1)"]
postgresql-psycopg = ["psycopg (>=3.0.7)"]
postgresql-psycopg2binary = ["psycopg2-binary"]
postgresql-psycopg2cffi = ["psycopg2cffi"]
postgresql-psycopgbinary = ["psycopg[binary] (>=3.0.7)"]
pymysql = ["pymysql"]
sqlcipher = ["sqlcipher3_binary"]

[[package]]
name = "typing-extensions"
version = "4.15.0"
description = "Backported and Experimental Type Hints for Python 3.9+"
optional = false
python-versions = ">=3.9"
groups = ["main"]
files = [
    {file = "typing_extensions-4.15.0-py3-none-any.whl", hash = "sha256:f0fa19c6845758ab08074a0cfa8b7aecb71c999ca73d62883bc25cc018c4e548"},
    {file = "typing_extensions-4.15.0.tar.gz", hash = "sha256:0cea48d173cc12fa28ecabc3b837ea3cf6f38c6d1136f85cbaaf598984861466"},
]

[[package]]
name = "typing-inspection"
version = "0.4.2"
description = "Runtime typing introspection tools"
optional = false
python-versions = ">=3.9"
groups = ["main"]
files = [
    {file = "typing_inspection-0.4.2-py3-none-any.whl", hash = "sha256:4ed1cacbdc298c220f1bd249ed5287caa16f34d44ef4e9c3d0cbad5b521545e7"},
    {file = "typing_inspection-0.4.2.tar.gz", hash = "sha256:ba561c48a67c5958007083d386c3295464928b01faa735ab8547c5692e87f464"},
]

[package.dependencies]
typing-extensions = ">=4.12.0"

[[package]]
name = "win32-setctime"
version = "1.2.0"
description = "A small Python utility to set file creation time on Windows"
optional = false
python-versions = ">=3.5"
groups = ["main"]
markers = "sys_platform == \"win32\""
files = [
    {file = "win32_setctime-1.2.0-py3-none-any.whl", hash = "sha256:95d644c4e708aba81dc3704a116d8cbc974d70b3bdb8be1d150e36be6e9d1390"},
    {file = "win32_setctime-1.2.0.tar.gz", hash = "sha256:ae1fdf948f5640aae05c511ade119313fb6a30d7eabe25fef9764dca5873c4c0"},
]

[package.extras]
dev = ["black (>=19.3b0) ; python_version >= \"3.6\"", "pytest (>=4.6.2)"]

[metadata]
lock-version = "2.1"
python-versions = ">=3.9"
content-hash = "3b1a2ce06b994ecadd05e8b0685da60e72cea98bdd01c48d7da6a82e9819dd49"
